
Microsoft Visual Studio Solution File, Format Version 12.00
# Visual Studio 15
VisualStudioVersion = 15.0.28307.106
MinimumVisualStudioVersion = 10.0.40219.1
Project("{FAE04EC0-301F-11D3-BF4B-00C04F79EFBC}") = "ConsoleApp4.1", "ConsoleApp4.1\ConsoleApp4.1.csproj", "{26A67883-7507-46CA-8DD0-7E88208A3D87}"
EndProject
Global
	GlobalSection(SolutionConfigurationPlatforms) = preSolution
		Debug|Any CPU = Debug|Any CPU
		Release|Any CPU = Release|Any CPU
	EndGlobalSection
	GlobalSection(ProjectConfigurationPlatforms) = postSolution
		{26A67883-7507-46CA-8DD0-7E88208A3D87}.Debug|Any CPU.ActiveCfg = Debug|Any CPU
		{26A67883-7507-46CA-8DD0-7E88208A3D87}.Debug|Any CPU.Build.0 = Debug|Any CPU
		{26A67883-7507-46CA-8DD0-7E88208A3D87}.Release|Any CPU.ActiveCfg = Release|Any CPU
		{26A67883-7507-46CA-8DD0-7E88208A3D87}.Release|Any CPU.Build.0 = Release|Any CPU
	EndGlobalSection
	GlobalSection(SolutionProperties) = preSolution
		HideSolutionNode = FALSE
	EndGlobalSection
	GlobalSection(ExtensibilityGlobals) = postSolution
		SolutionGuid = {B40AB7AA-9435-4A77-AE57-83893BA1B617}
	EndGlobalSection
EndGlobal
